
Microsoft Visual Studio Solution File, Format Version 12.00
# Visual Studio Version 18
VisualStudioVersion = 18.6.11716.218 insiders
MinimumVisualStudioVersion = 10.0.40219.1
Project("{FAE04EC0-301F-11D3-BF4B-00C04F79EFBC}") = "Engine", "Engine\Engine.csproj", "{7192329B-1A43-4E0D-B377-6F5E60BEA522}"
EndProject
Project("{FAE04EC0-301F-11D3-BF4B-00C04F79EFBC}") = "Web_Skia", "Web_Skia\Web_Skia.csproj", "{3D3E0306-60BC-467C-A298-5442095FD528}"
EndProject
Project("{FAE04EC0-301F-11D3-BF4B-00C04F79EFBC}") = "RaylibApp", "RaylibApp\RaylibApp.csproj", "{2A66B9A4-E57C-479C-B9A6-9BD02567F047}"
EndProject
Global
	GlobalSection(SolutionConfigurationPlatforms) = preSolution
		Debug|Any CPU = Debug|Any CPU
		Release|Any CPU = Release|Any CPU
	EndGlobalSection
	GlobalSection(ProjectConfigurationPlatforms) = postSolution
		{7192329B-1A43-4E0D-B377-6F5E60BEA522}.Debug|Any CPU.ActiveCfg = Debug|Any CPU
		{7192329B-1A43-4E0D-B377-6F5E60BEA522}.Debug|Any CPU.Build.0 = Debug|Any CPU
		{7192329B-1A43-4E0D-B377-6F5E60BEA522}.Release|Any CPU.ActiveCfg = Release|Any CPU
		{7192329B-1A43-4E0D-B377-6F5E60BEA522}.Release|Any CPU.Build.0 = Release|Any CPU
		{3D3E0306-60BC-467C-A298-5442095FD528}.Debug|Any CPU.ActiveCfg = Debug|Any CPU
		{3D3E0306-60BC-467C-A298-5442095FD528}.Debug|Any CPU.Build.0 = Debug|Any CPU
		{3D3E0306-60BC-467C-A298-5442095FD528}.Release|Any CPU.ActiveCfg = Release|Any CPU
		{3D3E0306-60BC-467C-A298-5442095FD528}.Release|Any CPU.Build.0 = Release|Any CPU
		{2A66B9A4-E57C-479C-B9A6-9BD02567F047}.Debug|Any CPU.ActiveCfg = Debug|Any CPU
		{2A66B9A4-E57C-479C-B9A6-9BD02567F047}.Debug|Any CPU.Build.0 = Debug|Any CPU
		{2A66B9A4-E57C-479C-B9A6-9BD02567F047}.Release|Any CPU.ActiveCfg = Release|Any CPU
		{2A66B9A4-E57C-479C-B9A6-9BD02567F047}.Release|Any CPU.Build.0 = Release|Any CPU
	EndGlobalSection
	GlobalSection(SolutionProperties) = preSolution
		HideSolutionNode = FALSE
	EndGlobalSection
EndGlobal
